// !$*UTF8*$!
{
	archiveVersion = 1;
	classes = {
	};
	objectVersion = 46;
	objects = {

/* Begin PBXBuildFile section */
		838BB7C8656D3F2C2FD8E6AB /* libPods-FiveSeconds.a in Frameworks */ = {isa = PBXBuildFile; fileRef = 77F6B9D1E52AB47808DC98DF /* libPods-FiveSeconds.a */; };
		E203EF981DD5669700E0F780 /* FbSharing.m in Sources */ = {isa = PBXBuildFile; fileRef = E203EF971DD5669700E0F780 /* FbSharing.m */; };
		E203EF9B1DD977C200E0F780 /* BrowsePhotosController.m in Sources */ = {isa = PBXBuildFile; fileRef = E203EF9A1DD977C200E0F780 /* BrowsePhotosController.m */; };
		E203EF9D1DD98C9300E0F780 /* QuartzCore.framework in Frameworks */ = {isa = PBXBuildFile; fileRef = E203EF9C1DD98C9300E0F780 /* QuartzCore.framework */; };
		E24D479C1DE14B6300326D0B /* background.png in Resources */ = {isa = PBXBuildFile; fileRef = E24D479A1DE14B6300326D0B /* background.png */; };
		E24D479D1DE14B6300326D0B /* page.png in Resources */ = {isa = PBXBuildFile; fileRef = E24D479B1DE14B6300326D0B /* page.png */; };
		E24D47A01DE14EED00326D0B /* BrowsePhotosVC.m in Sources */ = {isa = PBXBuildFile; fileRef = E24D479E1DE14EED00326D0B /* BrowsePhotosVC.m */; };
		F7146AE91DE1A792007EE341 /* round_red_close_button_5095.jpg in Resources */ = {isa = PBXBuildFile; fileRef = F7146AE81DE1A792007EE341 /* round_red_close_button_5095.jpg */; };
		F73CDF3D1DD92A5D00BE5F76 /* FSUtils.m in Sources */ = {isa = PBXBuildFile; fileRef = F73CDF3C1DD92A5D00BE5F76 /* FSUtils.m */; };
		F73CDF401DD92BC300BE5F76 /* YTVideosVC.m in Sources */ = {isa = PBXBuildFile; fileRef = F73CDF3F1DD92BC300BE5F76 /* YTVideosVC.m */; };
		F75A35BD1DD58A1C00C3A75C /* YTSearchVC.m in Sources */ = {isa = PBXBuildFile; fileRef = F75A35BC1DD58A1C00C3A75C /* YTSearchVC.m */; };
		F780424A1DD2B796003DE994 /* main.m in Sources */ = {isa = PBXBuildFile; fileRef = F78042491DD2B796003DE994 /* main.m */; };
		F780424D1DD2B796003DE994 /* AppDelegate.m in Sources */ = {isa = PBXBuildFile; fileRef = F780424C1DD2B796003DE994 /* AppDelegate.m */; };
		F78042501DD2B796003DE994 /* ViewController.m in Sources */ = {isa = PBXBuildFile; fileRef = F780424F1DD2B796003DE994 /* ViewController.m */; };
		F78042531DD2B796003DE994 /* Main.storyboard in Resources */ = {isa = PBXBuildFile; fileRef = F78042511DD2B796003DE994 /* Main.storyboard */; };
		F78042551DD2B796003DE994 /* Assets.xcassets in Resources */ = {isa = PBXBuildFile; fileRef = F78042541DD2B796003DE994 /* Assets.xcassets */; };
		F78042581DD2B796003DE994 /* LaunchScreen.storyboard in Resources */ = {isa = PBXBuildFile; fileRef = F78042561DD2B796003DE994 /* LaunchScreen.storyboard */; };
		F78042631DD2B796003DE994 /* FiveSecondsTests.m in Sources */ = {isa = PBXBuildFile; fileRef = F78042621DD2B796003DE994 /* FiveSecondsTests.m */; };
		F780426E1DD2B796003DE994 /* FiveSecondsUITests.m in Sources */ = {isa = PBXBuildFile; fileRef = F780426D1DD2B796003DE994 /* FiveSecondsUITests.m */; };
		F780427D1DD2C081003DE994 /* AVFoundation.framework in Frameworks */ = {isa = PBXBuildFile; fileRef = F780427C1DD2C081003DE994 /* AVFoundation.framework */; };
		F780427F1DD2C1A8003DE994 /* AVKit.framework in Frameworks */ = {isa = PBXBuildFile; fileRef = F780427E1DD2C1A8003DE994 /* AVKit.framework */; };
		F78042811DD2C631003DE994 /* CoreMedia.framework in Frameworks */ = {isa = PBXBuildFile; fileRef = F78042801DD2C631003DE994 /* CoreMedia.framework */; };
		F78042831DD2C6E7003DE994 /* CoreGraphics.framework in Frameworks */ = {isa = PBXBuildFile; fileRef = F78042821DD2C6E7003DE994 /* CoreGraphics.framework */; };
		F78132211DE2295B000A5B4F /* FSRecording.m in Sources */ = {isa = PBXBuildFile; fileRef = F78132201DE2295B000A5B4F /* FSRecording.m */; };
		F7A44D2F1DE3DD3B00F626AA /* FSCapturedMomentsCell.m in Sources */ = {isa = PBXBuildFile; fileRef = F7A44D2E1DE3DD3B00F626AA /* FSCapturedMomentsCell.m */; };
		F7A44D331DE3E2D200F626AA /* FSOffsetsRecorderControlsVC.xib in Resources */ = {isa = PBXBuildFile; fileRef = F7A44D301DE3E2D200F626AA /* FSOffsetsRecorderControlsVC.xib */; };
		F7A44D341DE3E2D200F626AA /* FSVideoPlayerControls.m in Sources */ = {isa = PBXBuildFile; fileRef = F7A44D321DE3E2D200F626AA /* FSVideoPlayerControls.m */; };
		F7A44D361DE3E31E00F626AA /* FSCaptureMomentsControlsVC.xib in Resources */ = {isa = PBXBuildFile; fileRef = F7A44D351DE3E31E00F626AA /* FSCaptureMomentsControlsVC.xib */; };
		F7A824D01DD68176001E5C9A /* YTVideoCell.m in Sources */ = {isa = PBXBuildFile; fileRef = F7A824CE1DD68176001E5C9A /* YTVideoCell.m */; };
		F7C430A81DE176EF00AECC2E /* FSCapturesVC.m in Sources */ = {isa = PBXBuildFile; fileRef = F7C430A71DE176EF00AECC2E /* FSCapturesVC.m */; };
		F7C430AC1DE17A0100AECC2E /* FSMyRecordingsVC.m in Sources */ = {isa = PBXBuildFile; fileRef = F7C430AA1DE17A0100AECC2E /* FSMyRecordingsVC.m */; };
		F7C430B51DE17BB500AECC2E /* FSCapturedMomentsVC.m in Sources */ = {isa = PBXBuildFile; fileRef = F7C430B41DE17BB500AECC2E /* FSCapturedMomentsVC.m */; };
		F7C430B81DE180F400AECC2E /* FSVideoPlayer.m in Sources */ = {isa = PBXBuildFile; fileRef = F7C430B71DE180F400AECC2E /* FSVideoPlayer.m */; };
		F7C430BB1DE1886400AECC2E /* FSVideo.m in Sources */ = {isa = PBXBuildFile; fileRef = F7C430BA1DE1886400AECC2E /* FSVideo.m */; };
		F7C430C81DE19A1600AECC2E /* FSYTVideo.m in Sources */ = {isa = PBXBuildFile; fileRef = F7C430C71DE19A1600AECC2E /* FSYTVideo.m */; };
/* End PBXBuildFile section */

/* Begin PBXContainerItemProxy section */
		F780425F1DD2B796003DE994 /* PBXContainerItemProxy */ = {
			isa = PBXContainerItemProxy;
			containerPortal = F780423D1DD2B796003DE994 /* Project object */;
			proxyType = 1;
			remoteGlobalIDString = F78042441DD2B796003DE994;
			remoteInfo = FiveSeconds;
		};
		F780426A1DD2B796003DE994 /* PBXContainerItemProxy */ = {
			isa = PBXContainerItemProxy;
			containerPortal = F780423D1DD2B796003DE994 /* Project object */;
			proxyType = 1;
			remoteGlobalIDString = F78042441DD2B796003DE994;
			remoteInfo = FiveSeconds;
		};
/* End PBXContainerItemProxy section */

/* Begin PBXFileReference section */
		014B811B73F1B4B0839630F5 /* Pods-FiveSeconds.release.xcconfig */ = {isa = PBXFileReference; includeInIndex = 1; lastKnownFileType = text.xcconfig; name = "Pods-FiveSeconds.release.xcconfig"; path = "Pods/Target Support Files/Pods-FiveSeconds/Pods-FiveSeconds.release.xcconfig"; sourceTree = "<group>"; };
		06D0F5568D24815FA967E280 /* Pods-FiveSeconds.debug.xcconfig */ = {isa = PBXFileReference; includeInIndex = 1; lastKnownFileType = text.xcconfig; name = "Pods-FiveSeconds.debug.xcconfig"; path = "Pods/Target Support Files/Pods-FiveSeconds/Pods-FiveSeconds.debug.xcconfig"; sourceTree = "<group>"; };
		77F6B9D1E52AB47808DC98DF /* libPods-FiveSeconds.a */ = {isa = PBXFileReference; explicitFileType = archive.ar; includeInIndex = 0; path = "libPods-FiveSeconds.a"; sourceTree = BUILT_PRODUCTS_DIR; };
		E203EF961DD5664700E0F780 /* FbSharing.h */ = {isa = PBXFileReference; lastKnownFileType = sourcecode.c.h; path = FbSharing.h; sourceTree = "<group>"; };
		E203EF971DD5669700E0F780 /* FbSharing.m */ = {isa = PBXFileReference; fileEncoding = 4; lastKnownFileType = sourcecode.c.objc; path = FbSharing.m; sourceTree = "<group>"; };
		E203EF991DD977A400E0F780 /* BrowsePhotosController.h */ = {isa = PBXFileReference; lastKnownFileType = sourcecode.c.h; path = BrowsePhotosController.h; sourceTree = "<group>"; };
		E203EF9A1DD977C200E0F780 /* BrowsePhotosController.m */ = {isa = PBXFileReference; fileEncoding = 4; lastKnownFileType = sourcecode.c.objc; path = BrowsePhotosController.m; sourceTree = "<group>"; };
		E203EF9C1DD98C9300E0F780 /* QuartzCore.framework */ = {isa = PBXFileReference; lastKnownFileType = wrapper.framework; name = QuartzCore.framework; path = System/Library/Frameworks/QuartzCore.framework; sourceTree = SDKROOT; };
		E24D479A1DE14B6300326D0B /* background.png */ = {isa = PBXFileReference; lastKnownFileType = image.png; path = background.png; sourceTree = "<group>"; };
		E24D479B1DE14B6300326D0B /* page.png */ = {isa = PBXFileReference; lastKnownFileType = image.png; path = page.png; sourceTree = "<group>"; };
		E24D479E1DE14EED00326D0B /* BrowsePhotosVC.m */ = {isa = PBXFileReference; fileEncoding = 4; lastKnownFileType = sourcecode.c.objc; path = BrowsePhotosVC.m; sourceTree = "<group>"; };
		E24D479F1DE14EED00326D0B /* BrowsePhotosVC.h */ = {isa = PBXFileReference; fileEncoding = 4; lastKnownFileType = sourcecode.c.h; path = BrowsePhotosVC.h; sourceTree = "<group>"; };
		F7146AE81DE1A792007EE341 /* round_red_close_button_5095.jpg */ = {isa = PBXFileReference; lastKnownFileType = image.jpeg; path = round_red_close_button_5095.jpg; sourceTree = "<group>"; };
		F723E7A81DD3D970001E8FE0 /* MobileCoreServices.framework */ = {isa = PBXFileReference; lastKnownFileType = wrapper.framework; name = MobileCoreServices.framework; path = System/Library/Frameworks/MobileCoreServices.framework; sourceTree = SDKROOT; };
		F73CDF3B1DD92A5D00BE5F76 /* FSUtils.h */ = {isa = PBXFileReference; fileEncoding = 4; lastKnownFileType = sourcecode.c.h; path = FSUtils.h; sourceTree = "<group>"; };
		F73CDF3C1DD92A5D00BE5F76 /* FSUtils.m */ = {isa = PBXFileReference; fileEncoding = 4; lastKnownFileType = sourcecode.c.objc; path = FSUtils.m; sourceTree = "<group>"; };
		F73CDF3E1DD92BC300BE5F76 /* YTVideosVC.h */ = {isa = PBXFileReference; fileEncoding = 4; lastKnownFileType = sourcecode.c.h; path = YTVideosVC.h; sourceTree = "<group>"; };
		F73CDF3F1DD92BC300BE5F76 /* YTVideosVC.m */ = {isa = PBXFileReference; fileEncoding = 4; lastKnownFileType = sourcecode.c.objc; path = YTVideosVC.m; sourceTree = "<group>"; };
		F75A35BB1DD58A1C00C3A75C /* YTSearchVC.h */ = {isa = PBXFileReference; fileEncoding = 4; lastKnownFileType = sourcecode.c.h; path = YTSearchVC.h; sourceTree = "<group>"; };
		F75A35BC1DD58A1C00C3A75C /* YTSearchVC.m */ = {isa = PBXFileReference; fileEncoding = 4; lastKnownFileType = sourcecode.c.objc; path = YTSearchVC.m; sourceTree = "<group>"; };
		F78042451DD2B796003DE994 /* FiveSeconds.app */ = {isa = PBXFileReference; explicitFileType = wrapper.application; includeInIndex = 0; path = FiveSeconds.app; sourceTree = BUILT_PRODUCTS_DIR; };
		F78042491DD2B796003DE994 /* main.m */ = {isa = PBXFileReference; lastKnownFileType = sourcecode.c.objc; path = main.m; sourceTree = "<group>"; };
		F780424B1DD2B796003DE994 /* AppDelegate.h */ = {isa = PBXFileReference; lastKnownFileType = sourcecode.c.h; path = AppDelegate.h; sourceTree = "<group>"; };
		F780424C1DD2B796003DE994 /* AppDelegate.m */ = {isa = PBXFileReference; lastKnownFileType = sourcecode.c.objc; path = AppDelegate.m; sourceTree = "<group>"; };
		F780424E1DD2B796003DE994 /* ViewController.h */ = {isa = PBXFileReference; lastKnownFileType = sourcecode.c.h; path = ViewController.h; sourceTree = "<group>"; };
		F780424F1DD2B796003DE994 /* ViewController.m */ = {isa = PBXFileReference; lastKnownFileType = sourcecode.c.objc; path = ViewController.m; sourceTree = "<group>"; };
		F78042521DD2B796003DE994 /* Base */ = {isa = PBXFileReference; lastKnownFileType = file.storyboard; name = Base; path = Base.lproj/Main.storyboard; sourceTree = "<group>"; };
		F78042541DD2B796003DE994 /* Assets.xcassets */ = {isa = PBXFileReference; lastKnownFileType = folder.assetcatalog; path = Assets.xcassets; sourceTree = "<group>"; };
		F78042571DD2B796003DE994 /* Base */ = {isa = PBXFileReference; lastKnownFileType = file.storyboard; name = Base; path = Base.lproj/LaunchScreen.storyboard; sourceTree = "<group>"; };
		F78042591DD2B796003DE994 /* Info.plist */ = {isa = PBXFileReference; lastKnownFileType = text.plist.xml; path = Info.plist; sourceTree = "<group>"; };
		F780425E1DD2B796003DE994 /* FiveSecondsTests.xctest */ = {isa = PBXFileReference; explicitFileType = wrapper.cfbundle; includeInIndex = 0; path = FiveSecondsTests.xctest; sourceTree = BUILT_PRODUCTS_DIR; };
		F78042621DD2B796003DE994 /* FiveSecondsTests.m */ = {isa = PBXFileReference; lastKnownFileType = sourcecode.c.objc; path = FiveSecondsTests.m; sourceTree = "<group>"; };
		F78042641DD2B796003DE994 /* Info.plist */ = {isa = PBXFileReference; lastKnownFileType = text.plist.xml; path = Info.plist; sourceTree = "<group>"; };
		F78042691DD2B796003DE994 /* FiveSecondsUITests.xctest */ = {isa = PBXFileReference; explicitFileType = wrapper.cfbundle; includeInIndex = 0; path = FiveSecondsUITests.xctest; sourceTree = BUILT_PRODUCTS_DIR; };
		F780426D1DD2B796003DE994 /* FiveSecondsUITests.m */ = {isa = PBXFileReference; lastKnownFileType = sourcecode.c.objc; path = FiveSecondsUITests.m; sourceTree = "<group>"; };
		F780426F1DD2B796003DE994 /* Info.plist */ = {isa = PBXFileReference; lastKnownFileType = text.plist.xml; path = Info.plist; sourceTree = "<group>"; };
		F780427C1DD2C081003DE994 /* AVFoundation.framework */ = {isa = PBXFileReference; lastKnownFileType = wrapper.framework; name = AVFoundation.framework; path = System/Library/Frameworks/AVFoundation.framework; sourceTree = SDKROOT; };
		F780427E1DD2C1A8003DE994 /* AVKit.framework */ = {isa = PBXFileReference; lastKnownFileType = wrapper.framework; name = AVKit.framework; path = System/Library/Frameworks/AVKit.framework; sourceTree = SDKROOT; };
		F78042801DD2C631003DE994 /* CoreMedia.framework */ = {isa = PBXFileReference; lastKnownFileType = wrapper.framework; name = CoreMedia.framework; path = System/Library/Frameworks/CoreMedia.framework; sourceTree = SDKROOT; };
		F78042821DD2C6E7003DE994 /* CoreGraphics.framework */ = {isa = PBXFileReference; lastKnownFileType = wrapper.framework; name = CoreGraphics.framework; path = System/Library/Frameworks/CoreGraphics.framework; sourceTree = SDKROOT; };
		F781321F1DE2295B000A5B4F /* FSRecording.h */ = {isa = PBXFileReference; fileEncoding = 4; lastKnownFileType = sourcecode.c.h; path = FSRecording.h; sourceTree = "<group>"; };
		F78132201DE2295B000A5B4F /* FSRecording.m */ = {isa = PBXFileReference; fileEncoding = 4; lastKnownFileType = sourcecode.c.objc; path = FSRecording.m; sourceTree = "<group>"; };
		F7A44D2D1DE3DD3B00F626AA /* FSCapturedMomentsCell.h */ = {isa = PBXFileReference; fileEncoding = 4; lastKnownFileType = sourcecode.c.h; path = FSCapturedMomentsCell.h; sourceTree = "<group>"; };
		F7A44D2E1DE3DD3B00F626AA /* FSCapturedMomentsCell.m */ = {isa = PBXFileReference; fileEncoding = 4; lastKnownFileType = sourcecode.c.objc; path = FSCapturedMomentsCell.m; sourceTree = "<group>"; };
		F7A44D301DE3E2D200F626AA /* FSOffsetsRecorderControlsVC.xib */ = {isa = PBXFileReference; fileEncoding = 4; lastKnownFileType = file.xib; path = FSOffsetsRecorderControlsVC.xib; sourceTree = "<group>"; };
		F7A44D311DE3E2D200F626AA /* FSVideoPlayerControls.h */ = {isa = PBXFileReference; fileEncoding = 4; lastKnownFileType = sourcecode.c.h; path = FSVideoPlayerControls.h; sourceTree = "<group>"; };
		F7A44D321DE3E2D200F626AA /* FSVideoPlayerControls.m */ = {isa = PBXFileReference; fileEncoding = 4; lastKnownFileType = sourcecode.c.objc; path = FSVideoPlayerControls.m; sourceTree = "<group>"; };
		F7A44D351DE3E31E00F626AA /* FSCaptureMomentsControlsVC.xib */ = {isa = PBXFileReference; fileEncoding = 4; lastKnownFileType = file.xib; path = FSCaptureMomentsControlsVC.xib; sourceTree = "<group>"; };
		F7A824CD1DD68176001E5C9A /* YTVideoCell.h */ = {isa = PBXFileReference; fileEncoding = 4; lastKnownFileType = sourcecode.c.h; path = YTVideoCell.h; sourceTree = "<group>"; };
		F7A824CE1DD68176001E5C9A /* YTVideoCell.m */ = {isa = PBXFileReference; fileEncoding = 4; lastKnownFileType = sourcecode.c.objc; path = YTVideoCell.m; sourceTree = "<group>"; };
		F7C430A61DE176EF00AECC2E /* FSCapturesVC.h */ = {isa = PBXFileReference; fileEncoding = 4; lastKnownFileType = sourcecode.c.h; path = FSCapturesVC.h; sourceTree = "<group>"; };
		F7C430A71DE176EF00AECC2E /* FSCapturesVC.m */ = {isa = PBXFileReference; fileEncoding = 4; lastKnownFileType = sourcecode.c.objc; path = FSCapturesVC.m; sourceTree = "<group>"; };
		F7C430A91DE17A0100AECC2E /* FSMyRecordingsVC.h */ = {isa = PBXFileReference; fileEncoding = 4; lastKnownFileType = sourcecode.c.h; path = FSMyRecordingsVC.h; sourceTree = "<group>"; };
		F7C430AA1DE17A0100AECC2E /* FSMyRecordingsVC.m */ = {isa = PBXFileReference; fileEncoding = 4; lastKnownFileType = sourcecode.c.objc; path = FSMyRecordingsVC.m; sourceTree = "<group>"; };
		F7C430B31DE17BB500AECC2E /* FSCapturedMomentsVC.h */ = {isa = PBXFileReference; fileEncoding = 4; lastKnownFileType = sourcecode.c.h; path = FSCapturedMomentsVC.h; sourceTree = "<group>"; };
		F7C430B41DE17BB500AECC2E /* FSCapturedMomentsVC.m */ = {isa = PBXFileReference; fileEncoding = 4; lastKnownFileType = sourcecode.c.objc; path = FSCapturedMomentsVC.m; sourceTree = "<group>"; };
		F7C430B61DE180F400AECC2E /* FSVideoPlayer.h */ = {isa = PBXFileReference; fileEncoding = 4; lastKnownFileType = sourcecode.c.h; path = FSVideoPlayer.h; sourceTree = "<group>"; };
		F7C430B71DE180F400AECC2E /* FSVideoPlayer.m */ = {isa = PBXFileReference; fileEncoding = 4; lastKnownFileType = sourcecode.c.objc; path = FSVideoPlayer.m; sourceTree = "<group>"; };
		F7C430B91DE1886400AECC2E /* FSVideo.h */ = {isa = PBXFileReference; fileEncoding = 4; lastKnownFileType = sourcecode.c.h; path = FSVideo.h; sourceTree = "<group>"; };
		F7C430BA1DE1886400AECC2E /* FSVideo.m */ = {isa = PBXFileReference; fileEncoding = 4; lastKnownFileType = sourcecode.c.objc; path = FSVideo.m; sourceTree = "<group>"; };
		F7C430C61DE19A1600AECC2E /* FSYTVideo.h */ = {isa = PBXFileReference; fileEncoding = 4; lastKnownFileType = sourcecode.c.h; path = FSYTVideo.h; sourceTree = "<group>"; };
		F7C430C71DE19A1600AECC2E /* FSYTVideo.m */ = {isa = PBXFileReference; fileEncoding = 4; lastKnownFileType = sourcecode.c.objc; path = FSYTVideo.m; sourceTree = "<group>"; };
/* End PBXFileReference section */

/* Begin PBXFrameworksBuildPhase section */
		F78042421DD2B796003DE994 /* Frameworks */ = {
			isa = PBXFrameworksBuildPhase;
			buildActionMask = 2147483647;
			files = (
				E203EF9D1DD98C9300E0F780 /* QuartzCore.framework in Frameworks */,
				F780427F1DD2C1A8003DE994 /* AVKit.framework in Frameworks */,
				F78042831DD2C6E7003DE994 /* CoreGraphics.framework in Frameworks */,
				F78042811DD2C631003DE994 /* CoreMedia.framework in Frameworks */,
				F780427D1DD2C081003DE994 /* AVFoundation.framework in Frameworks */,
				838BB7C8656D3F2C2FD8E6AB /* libPods-FiveSeconds.a in Frameworks */,
			);
			runOnlyForDeploymentPostprocessing = 0;
		};
		F780425B1DD2B796003DE994 /* Frameworks */ = {
			isa = PBXFrameworksBuildPhase;
			buildActionMask = 2147483647;
			files = (
			);
			runOnlyForDeploymentPostprocessing = 0;
		};
		F78042661DD2B796003DE994 /* Frameworks */ = {
			isa = PBXFrameworksBuildPhase;
			buildActionMask = 2147483647;
			files = (
			);
			runOnlyForDeploymentPostprocessing = 0;
		};
/* End PBXFrameworksBuildPhase section */

/* Begin PBXGroup section */
		44238999CBDCCF55C47EE792 /* Pods */ = {
			isa = PBXGroup;
			children = (
				06D0F5568D24815FA967E280 /* Pods-FiveSeconds.debug.xcconfig */,
				014B811B73F1B4B0839630F5 /* Pods-FiveSeconds.release.xcconfig */,
			);
			name = Pods;
			sourceTree = "<group>";
		};
		E24D47951DE14B3100326D0B /* Resources */ = {
			isa = PBXGroup;
			children = (
				F7146AE81DE1A792007EE341 /* round_red_close_button_5095.jpg */,
				E24D479A1DE14B6300326D0B /* background.png */,
				E24D479B1DE14B6300326D0B /* page.png */,
			);
			name = Resources;
			sourceTree = "<group>";
		};
		F780423C1DD2B796003DE994 = {
			isa = PBXGroup;
			children = (
				F78042471DD2B796003DE994 /* FiveSeconds */,
				F78042611DD2B796003DE994 /* FiveSecondsTests */,
				F780426C1DD2B796003DE994 /* FiveSecondsUITests */,
				F78042461DD2B796003DE994 /* Products */,
				F780427B1DD2C081003DE994 /* Frameworks */,
				44238999CBDCCF55C47EE792 /* Pods */,
			);
			sourceTree = "<group>";
		};
		F78042461DD2B796003DE994 /* Products */ = {
			isa = PBXGroup;
			children = (
				F78042451DD2B796003DE994 /* FiveSeconds.app */,
				F780425E1DD2B796003DE994 /* FiveSecondsTests.xctest */,
				F78042691DD2B796003DE994 /* FiveSecondsUITests.xctest */,
			);
			name = Products;
			sourceTree = "<group>";
		};
		F78042471DD2B796003DE994 /* FiveSeconds */ = {
			isa = PBXGroup;
			children = (
				F7A44D351DE3E31E00F626AA /* FSCaptureMomentsControlsVC.xib */,
				F7A44D301DE3E2D200F626AA /* FSOffsetsRecorderControlsVC.xib */,
				F7A44D311DE3E2D200F626AA /* FSVideoPlayerControls.h */,
				F7A44D321DE3E2D200F626AA /* FSVideoPlayerControls.m */,
				E24D47951DE14B3100326D0B /* Resources */,
				F780424B1DD2B796003DE994 /* AppDelegate.h */,
				F780424C1DD2B796003DE994 /* AppDelegate.m */,
				F780424E1DD2B796003DE994 /* ViewController.h */,
				F780424F1DD2B796003DE994 /* ViewController.m */,
				E203EF991DD977A400E0F780 /* BrowsePhotosController.h */,
				E203EF9A1DD977C200E0F780 /* BrowsePhotosController.m */,
				E24D479F1DE14EED00326D0B /* BrowsePhotosVC.h */,
				E24D479E1DE14EED00326D0B /* BrowsePhotosVC.m */,
				F78042511DD2B796003DE994 /* Main.storyboard */,
				F78042541DD2B796003DE994 /* Assets.xcassets */,
				F78042561DD2B796003DE994 /* LaunchScreen.storyboard */,
				F78042591DD2B796003DE994 /* Info.plist */,
				F78042481DD2B796003DE994 /* Supporting Files */,
				E203EF961DD5664700E0F780 /* FbSharing.h */,
				E203EF971DD5669700E0F780 /* FbSharing.m */,
				F75A35BB1DD58A1C00C3A75C /* YTSearchVC.h */,
				F75A35BC1DD58A1C00C3A75C /* YTSearchVC.m */,
				F7A824CD1DD68176001E5C9A /* YTVideoCell.h */,
				F7A824CE1DD68176001E5C9A /* YTVideoCell.m */,
				F73CDF3B1DD92A5D00BE5F76 /* FSUtils.h */,
				F73CDF3C1DD92A5D00BE5F76 /* FSUtils.m */,
				F73CDF3E1DD92BC300BE5F76 /* YTVideosVC.h */,
				F73CDF3F1DD92BC300BE5F76 /* YTVideosVC.m */,
				F7C430A61DE176EF00AECC2E /* FSCapturesVC.h */,
				F7C430A71DE176EF00AECC2E /* FSCapturesVC.m */,
				F7C430A91DE17A0100AECC2E /* FSMyRecordingsVC.h */,
				F7C430AA1DE17A0100AECC2E /* FSMyRecordingsVC.m */,
				F7C430B31DE17BB500AECC2E /* FSCapturedMomentsVC.h */,
				F7C430B41DE17BB500AECC2E /* FSCapturedMomentsVC.m */,
				F7C430B61DE180F400AECC2E /* FSVideoPlayer.h */,
				F7C430B71DE180F400AECC2E /* FSVideoPlayer.m */,
				F7C430B91DE1886400AECC2E /* FSVideo.h */,
				F7C430BA1DE1886400AECC2E /* FSVideo.m */,
				F7C430C61DE19A1600AECC2E /* FSYTVideo.h */,
				F7C430C71DE19A1600AECC2E /* FSYTVideo.m */,
				F781321F1DE2295B000A5B4F /* FSRecording.h */,
				F78132201DE2295B000A5B4F /* FSRecording.m */,
				F7A44D2D1DE3DD3B00F626AA /* FSCapturedMomentsCell.h */,
				F7A44D2E1DE3DD3B00F626AA /* FSCapturedMomentsCell.m */,
			);
			path = FiveSeconds;
			sourceTree = "<group>";
		};
		F78042481DD2B796003DE994 /* Supporting Files */ = {
			isa = PBXGroup;
			children = (
				F78042491DD2B796003DE994 /* main.m */,
			);
			name = "Supporting Files";
			sourceTree = "<group>";
		};
		F78042611DD2B796003DE994 /* FiveSecondsTests */ = {
			isa = PBXGroup;
			children = (
				F78042621DD2B796003DE994 /* FiveSecondsTests.m */,
				F78042641DD2B796003DE994 /* Info.plist */,
			);
			path = FiveSecondsTests;
			sourceTree = "<group>";
		};
		F780426C1DD2B796003DE994 /* FiveSecondsUITests */ = {
			isa = PBXGroup;
			children = (
				F780426D1DD2B796003DE994 /* FiveSecondsUITests.m */,
				F780426F1DD2B796003DE994 /* Info.plist */,
			);
			path = FiveSecondsUITests;
			sourceTree = "<group>";
		};
		F780427B1DD2C081003DE994 /* Frameworks */ = {
			isa = PBXGroup;
			children = (
				E203EF9C1DD98C9300E0F780 /* QuartzCore.framework */,
				F723E7A81DD3D970001E8FE0 /* MobileCoreServices.framework */,
				F78042821DD2C6E7003DE994 /* CoreGraphics.framework */,
				F78042801DD2C631003DE994 /* CoreMedia.framework */,
				F780427E1DD2C1A8003DE994 /* AVKit.framework */,
				F780427C1DD2C081003DE994 /* AVFoundation.framework */,
				77F6B9D1E52AB47808DC98DF /* libPods-FiveSeconds.a */,
			);
			name = Frameworks;
			sourceTree = "<group>";
		};
/* End PBXGroup section */

/* Begin PBXNativeTarget section */
		F78042441DD2B796003DE994 /* FiveSeconds */ = {
			isa = PBXNativeTarget;
			buildConfigurationList = F78042721DD2B796003DE994 /* Build configuration list for PBXNativeTarget "FiveSeconds" */;
			buildPhases = (
				59E5ABFEE332D02CFEA03F4E /* [CP] Check Pods Manifest.lock */,
				F78042411DD2B796003DE994 /* Sources */,
				F78042421DD2B796003DE994 /* Frameworks */,
				F78042431DD2B796003DE994 /* Resources */,
				4E93639F19BE2F894BD7DF61 /* [CP] Embed Pods Frameworks */,
				C281341CF1FE2C7D1E1C4FFC /* [CP] Copy Pods Resources */,
			);
			buildRules = (
			);
			dependencies = (
			);
			name = FiveSeconds;
			productName = FiveSeconds;
			productReference = F78042451DD2B796003DE994 /* FiveSeconds.app */;
			productType = "com.apple.product-type.application";
		};
		F780425D1DD2B796003DE994 /* FiveSecondsTests */ = {
			isa = PBXNativeTarget;
			buildConfigurationList = F78042751DD2B796003DE994 /* Build configuration list for PBXNativeTarget "FiveSecondsTests" */;
			buildPhases = (
				F780425A1DD2B796003DE994 /* Sources */,
				F780425B1DD2B796003DE994 /* Frameworks */,
				F780425C1DD2B796003DE994 /* Resources */,
			);
			buildRules = (
			);
			dependencies = (
				F78042601DD2B796003DE994 /* PBXTargetDependency */,
			);
			name = FiveSecondsTests;
			productName = FiveSecondsTests;
			productReference = F780425E1DD2B796003DE994 /* FiveSecondsTests.xctest */;
			productType = "com.apple.product-type.bundle.unit-test";
		};
		F78042681DD2B796003DE994 /* FiveSecondsUITests */ = {
			isa = PBXNativeTarget;
			buildConfigurationList = F78042781DD2B796003DE994 /* Build configuration list for PBXNativeTarget "FiveSecondsUITests" */;
			buildPhases = (
				F78042651DD2B796003DE994 /* Sources */,
				F78042661DD2B796003DE994 /* Frameworks */,
				F78042671DD2B796003DE994 /* Resources */,
			);
			buildRules = (
			);
			dependencies = (
				F780426B1DD2B796003DE994 /* PBXTargetDependency */,
			);
			name = FiveSecondsUITests;
			productName = FiveSecondsUITests;
			productReference = F78042691DD2B796003DE994 /* FiveSecondsUITests.xctest */;
			productType = "com.apple.product-type.bundle.ui-testing";
		};
/* End PBXNativeTarget section */

/* Begin PBXProject section */
		F780423D1DD2B796003DE994 /* Project object */ = {
			isa = PBXProject;
			attributes = {
				LastUpgradeCheck = 0800;
				ORGANIZATIONNAME = "Hackery Inc";
				TargetAttributes = {
					F78042441DD2B796003DE994 = {
						CreatedOnToolsVersion = 8.0;
						DevelopmentTeam = GYYZ2J5D87;
						ProvisioningStyle = Automatic;
					};
					F780425D1DD2B796003DE994 = {
						CreatedOnToolsVersion = 8.0;
						ProvisioningStyle = Automatic;
						TestTargetID = F78042441DD2B796003DE994;
					};
					F78042681DD2B796003DE994 = {
						CreatedOnToolsVersion = 8.0;
						ProvisioningStyle = Automatic;
						TestTargetID = F78042441DD2B796003DE994;
					};
				};
			};
			buildConfigurationList = F78042401DD2B796003DE994 /* Build configuration list for PBXProject "FiveSeconds" */;
			compatibilityVersion = "Xcode 3.2";
			developmentRegion = English;
			hasScannedForEncodings = 0;
			knownRegions = (
				en,
				Base,
			);
			mainGroup = F780423C1DD2B796003DE994;
			productRefGroup = F78042461DD2B796003DE994 /* Products */;
			projectDirPath = "";
			projectRoot = "";
			targets = (
				F78042441DD2B796003DE994 /* FiveSeconds */,
				F780425D1DD2B796003DE994 /* FiveSecondsTests */,
				F78042681DD2B796003DE994 /* FiveSecondsUITests */,
			);
		};
/* End PBXProject section */

/* Begin PBXResourcesBuildPhase section */
		F78042431DD2B796003DE994 /* Resources */ = {
			isa = PBXResourcesBuildPhase;
			buildActionMask = 2147483647;
			files = (
				F7146AE91DE1A792007EE341 /* round_red_close_button_5095.jpg in Resources */,
				F78042581DD2B796003DE994 /* LaunchScreen.storyboard in Resources */,
				F7A44D331DE3E2D200F626AA /* FSOffsetsRecorderControlsVC.xib in Resources */,
				E24D479D1DE14B6300326D0B /* page.png in Resources */,
				F7A44D361DE3E31E00F626AA /* FSCaptureMomentsControlsVC.xib in Resources */,
				E24D479C1DE14B6300326D0B /* background.png in Resources */,
				F78042551DD2B796003DE994 /* Assets.xcassets in Resources */,
				F78042531DD2B796003DE994 /* Main.storyboard in Resources */,
			);
			runOnlyForDeploymentPostprocessing = 0;
		};
		F780425C1DD2B796003DE994 /* Resources */ = {
			isa = PBXResourcesBuildPhase;
			buildActionMask = 2147483647;
			files = (
			);
			runOnlyForDeploymentPostprocessing = 0;
		};
		F78042671DD2B796003DE994 /* Resources */ = {
			isa = PBXResourcesBuildPhase;
			buildActionMask = 2147483647;
			files = (
			);
			runOnlyForDeploymentPostprocessing = 0;
		};
/* End PBXResourcesBuildPhase section */

/* Begin PBXShellScriptBuildPhase section */
		4E93639F19BE2F894BD7DF61 /* [CP] Embed Pods Frameworks */ = {
			isa = PBXShellScriptBuildPhase;
			buildActionMask = 2147483647;
			files = (
			);
			inputPaths = (
			);
			name = "[CP] Embed Pods Frameworks";
			outputPaths = (
			);
			runOnlyForDeploymentPostprocessing = 0;
			shellPath = /bin/sh;
			shellScript = "\"${SRCROOT}/Pods/Target Support Files/Pods-FiveSeconds/Pods-FiveSeconds-frameworks.sh\"\n";
			showEnvVarsInLog = 0;
		};
		59E5ABFEE332D02CFEA03F4E /* [CP] Check Pods Manifest.lock */ = {
			isa = PBXShellScriptBuildPhase;
			buildActionMask = 2147483647;
			files = (
			);
			inputPaths = (
			);
			name = "[CP] Check Pods Manifest.lock";
			outputPaths = (
			);
			runOnlyForDeploymentPostprocessing = 0;
			shellPath = /bin/sh;
			shellScript = "diff \"${PODS_ROOT}/../Podfile.lock\" \"${PODS_ROOT}/Manifest.lock\" > /dev/null\nif [ $? != 0 ] ; then\n    # print error to STDERR\n    echo \"error: The sandbox is not in sync with the Podfile.lock. Run 'pod install' or update your CocoaPods installation.\" >&2\n    exit 1\nfi\n";
			showEnvVarsInLog = 0;
		};
		C281341CF1FE2C7D1E1C4FFC /* [CP] Copy Pods Resources */ = {
			isa = PBXShellScriptBuildPhase;
			buildActionMask = 2147483647;
			files = (
			);
			inputPaths = (
			);
			name = "[CP] Copy Pods Resources";
			outputPaths = (
			);
			runOnlyForDeploymentPostprocessing = 0;
			shellPath = /bin/sh;
			shellScript = "\"${SRCROOT}/Pods/Target Support Files/Pods-FiveSeconds/Pods-FiveSeconds-resources.sh\"\n";
			showEnvVarsInLog = 0;
		};
/* End PBXShellScriptBuildPhase section */

/* Begin PBXSourcesBuildPhase section */
		F78042411DD2B796003DE994 /* Sources */ = {
			isa = PBXSourcesBuildPhase;
			buildActionMask = 2147483647;
			files = (
				F78132211DE2295B000A5B4F /* FSRecording.m in Sources */,
				F7A824D01DD68176001E5C9A /* YTVideoCell.m in Sources */,
				F7A44D341DE3E2D200F626AA /* FSVideoPlayerControls.m in Sources */,
				F78042501DD2B796003DE994 /* ViewController.m in Sources */,
				F73CDF3D1DD92A5D00BE5F76 /* FSUtils.m in Sources */,
				F7C430B51DE17BB500AECC2E /* FSCapturedMomentsVC.m in Sources */,
				F780424D1DD2B796003DE994 /* AppDelegate.m in Sources */,
				F7C430B81DE180F400AECC2E /* FSVideoPlayer.m in Sources */,
				E203EF9B1DD977C200E0F780 /* BrowsePhotosController.m in Sources */,
				F7C430AC1DE17A0100AECC2E /* FSMyRecordingsVC.m in Sources */,
				E24D47A01DE14EED00326D0B /* BrowsePhotosVC.m in Sources */,
				E203EF981DD5669700E0F780 /* FbSharing.m in Sources */,
				F7C430A81DE176EF00AECC2E /* FSCapturesVC.m in Sources */,
				F7A44D2F1DE3DD3B00F626AA /* FSCapturedMomentsCell.m in Sources */,
				F780424A1DD2B796003DE994 /* main.m in Sources */,
				F75A35BD1DD58A1C00C3A75C /* YTSearchVC.m in Sources */,
				F73CDF401DD92BC300BE5F76 /* YTVideosVC.m in Sources */,
				F7C430C81DE19A1600AECC2E /* FSYTVideo.m in Sources */,
				F7C430BB1DE1886400AECC2E /* FSVideo.m in Sources */,
			);
			runOnlyForDeploymentPostprocessing = 0;
		};
		F780425A1DD2B796003DE994 /* Sources */ = {
			isa = PBXSourcesBuildPhase;
			buildActionMask = 2147483647;
			files = (
				F78042631DD2B796003DE994 /* FiveSecondsTests.m in Sources */,
			);
			runOnlyForDeploymentPostprocessing = 0;
		};
		F78042651DD2B796003DE994 /* Sources */ = {
			isa = PBXSourcesBuildPhase;
			buildActionMask = 2147483647;
			files = (
				F780426E1DD2B796003DE994 /* FiveSecondsUITests.m in Sources */,
			);
			runOnlyForDeploymentPostprocessing = 0;
		};
/* End PBXSourcesBuildPhase section */

/* Begin PBXTargetDependency section */
		F78042601DD2B796003DE994 /* PBXTargetDependency */ = {
			isa = PBXTargetDependency;
			target = F78042441DD2B796003DE994 /* FiveSeconds */;
			targetProxy = F780425F1DD2B796003DE994 /* PBXContainerItemProxy */;
		};
		F780426B1DD2B796003DE994 /* PBXTargetDependency */ = {
			isa = PBXTargetDependency;
			target = F78042441DD2B796003DE994 /* FiveSeconds */;
			targetProxy = F780426A1DD2B796003DE994 /* PBXContainerItemProxy */;
		};
/* End PBXTargetDependency section */

/* Begin PBXVariantGroup section */
		F78042511DD2B796003DE994 /* Main.storyboard */ = {
			isa = PBXVariantGroup;
			children = (
				F78042521DD2B796003DE994 /* Base */,
			);
			name = Main.storyboard;
			sourceTree = "<group>";
		};
		F78042561DD2B796003DE994 /* LaunchScreen.storyboard */ = {
			isa = PBXVariantGroup;
			children = (
				F78042571DD2B796003DE994 /* Base */,
			);
			name = LaunchScreen.storyboard;
			sourceTree = "<group>";
		};
/* End PBXVariantGroup section */

/* Begin XCBuildConfiguration section */
		F78042701DD2B796003DE994 /* Debug */ = {
			isa = XCBuildConfiguration;
			buildSettings = {
				ALWAYS_SEARCH_USER_PATHS = NO;
				CLANG_ANALYZER_NONNULL = YES;
				CLANG_CXX_LANGUAGE_STANDARD = "gnu++0x";
				CLANG_CXX_LIBRARY = "libc++";
				CLANG_ENABLE_MODULES = YES;
				CLANG_ENABLE_OBJC_ARC = YES;
				CLANG_WARN_BOOL_CONVERSION = YES;
				CLANG_WARN_CONSTANT_CONVERSION = YES;
				CLANG_WARN_DIRECT_OBJC_ISA_USAGE = YES_ERROR;
				CLANG_WARN_DOCUMENTATION_COMMENTS = YES;
				CLANG_WARN_EMPTY_BODY = YES;
				CLANG_WARN_ENUM_CONVERSION = YES;
				CLANG_WARN_INFINITE_RECURSION = YES;
				CLANG_WARN_INT_CONVERSION = YES;
				CLANG_WARN_OBJC_ROOT_CLASS = YES_ERROR;
				CLANG_WARN_SUSPICIOUS_MOVES = YES;
				CLANG_WARN_UNREACHABLE_CODE = YES;
				CLANG_WARN__DUPLICATE_METHOD_MATCH = YES;
				"CODE_SIGN_IDENTITY[sdk=iphoneos*]" = "iPhone Developer";
				COPY_PHASE_STRIP = NO;
				DEBUG_INFORMATION_FORMAT = dwarf;
				ENABLE_STRICT_OBJC_MSGSEND = YES;
				ENABLE_TESTABILITY = YES;
				GCC_C_LANGUAGE_STANDARD = gnu99;
				GCC_DYNAMIC_NO_PIC = NO;
				GCC_NO_COMMON_BLOCKS = YES;
				GCC_OPTIMIZATION_LEVEL = 0;
				GCC_PREPROCESSOR_DEFINITIONS = (
					"DEBUG=1",
					"$(inherited)",
				);
				GCC_WARN_64_TO_32_BIT_CONVERSION = YES;
				GCC_WARN_ABOUT_RETURN_TYPE = YES_ERROR;
				GCC_WARN_UNDECLARED_SELECTOR = YES;
				GCC_WARN_UNINITIALIZED_AUTOS = YES_AGGRESSIVE;
				GCC_WARN_UNUSED_FUNCTION = YES;
				GCC_WARN_UNUSED_VARIABLE = YES;
				IPHONEOS_DEPLOYMENT_TARGET = 10.0;
				MTL_ENABLE_DEBUG_INFO = YES;
				ONLY_ACTIVE_ARCH = YES;
				SDKROOT = iphoneos;
				TARGETED_DEVICE_FAMILY = "1,2";
			};
			name = Debug;
		};
		F78042711DD2B796003DE994 /* Release */ = {
			isa = XCBuildConfiguration;
			buildSettings = {
				ALWAYS_SEARCH_USER_PATHS = NO;
				CLANG_ANALYZER_NONNULL = YES;
				CLANG_CXX_LANGUAGE_STANDARD = "gnu++0x";
				CLANG_CXX_LIBRARY = "libc++";
				CLANG_ENABLE_MODULES = YES;
				CLANG_ENABLE_OBJC_ARC = YES;
				CLANG_WARN_BOOL_CONVERSION = YES;
				CLANG_WARN_CONSTANT_CONVERSION = YES;
				CLANG_WARN_DIRECT_OBJC_ISA_USAGE = YES_ERROR;
				CLANG_WARN_DOCUMENTATION_COMMENTS = YES;
				CLANG_WARN_EMPTY_BODY = YES;
				CLANG_WARN_ENUM_CONVERSION = YES;
				CLANG_WARN_INFINITE_RECURSION = YES;
				CLANG_WARN_INT_CONVERSION = YES;
				CLANG_WARN_OBJC_ROOT_CLASS = YES_ERROR;
				CLANG_WARN_SUSPICIOUS_MOVES = YES;
				CLANG_WARN_UNREACHABLE_CODE = YES;
				CLANG_WARN__DUPLICATE_METHOD_MATCH = YES;
				"CODE_SIGN_IDENTITY[sdk=iphoneos*]" = "iPhone Developer";
				COPY_PHASE_STRIP = NO;
				DEBUG_INFORMATION_FORMAT = "dwarf-with-dsym";
				ENABLE_NS_ASSERTIONS = NO;
				ENABLE_STRICT_OBJC_MSGSEND = YES;
				GCC_C_LANGUAGE_STANDARD = gnu99;
				GCC_NO_COMMON_BLOCKS = YES;
				GCC_WARN_64_TO_32_BIT_CONVERSION = YES;
				GCC_WARN_ABOUT_RETURN_TYPE = YES_ERROR;
				GCC_WARN_UNDECLARED_SELECTOR = YES;
				GCC_WARN_UNINITIALIZED_AUTOS = YES_AGGRESSIVE;
				GCC_WARN_UNUSED_FUNCTION = YES;
				GCC_WARN_UNUSED_VARIABLE = YES;
				IPHONEOS_DEPLOYMENT_TARGET = 10.0;
				MTL_ENABLE_DEBUG_INFO = NO;
				SDKROOT = iphoneos;
				TARGETED_DEVICE_FAMILY = "1,2";
				VALIDATE_PRODUCT = YES;
			};
			name = Release;
		};
		F78042731DD2B796003DE994 /* Debug */ = {
			isa = XCBuildConfiguration;
			baseConfigurationReference = 06D0F5568D24815FA967E280 /* Pods-FiveSeconds.debug.xcconfig */;
			buildSettings = {
				ASSETCATALOG_COMPILER_APPICON_NAME = AppIcon;
				DEVELOPMENT_TEAM = GYYZ2J5D87;
				INFOPLIST_FILE = FiveSeconds/Info.plist;
				LD_RUNPATH_SEARCH_PATHS = "$(inherited) @executable_path/Frameworks";
				PRODUCT_BUNDLE_IDENTIFIER = com.hackery.FiveSeconds;
				PRODUCT_NAME = "$(TARGET_NAME)";
			};
			name = Debug;
		};
		F78042741DD2B796003DE994 /* Release */ = {
			isa = XCBuildConfiguration;
			baseConfigurationReference = 014B811B73F1B4B0839630F5 /* Pods-FiveSeconds.release.xcconfig */;
			buildSettings = {
				ASSETCATALOG_COMPILER_APPICON_NAME = AppIcon;
				DEVELOPMENT_TEAM = GYYZ2J5D87;
				INFOPLIST_FILE = FiveSeconds/Info.plist;
				LD_RUNPATH_SEARCH_PATHS = "$(inherited) @executable_path/Frameworks";
				PRODUCT_BUNDLE_IDENTIFIER = com.hackery.FiveSeconds;
				PRODUCT_NAME = "$(TARGET_NAME)";
			};
			name = Release;
		};
		F78042761DD2B796003DE994 /* Debug */ = {
			isa = XCBuildConfiguration;
			buildSettings = {
				BUNDLE_LOADER = "$(TEST_HOST)";
				INFOPLIST_FILE = FiveSecondsTests/Info.plist;
				LD_RUNPATH_SEARCH_PATHS = "$(inherited) @executable_path/Frameworks @loader_path/Frameworks";
				PRODUCT_BUNDLE_IDENTIFIER = com.hackery.FiveSecondsTests;
				PRODUCT_NAME = "$(TARGET_NAME)";
				TEST_HOST = "$(BUILT_PRODUCTS_DIR)/FiveSeconds.app/FiveSeconds";
			};
			name = Debug;
		};
		F78042771DD2B796003DE994 /* Release */ = {
			isa = XCBuildConfiguration;
			buildSettings = {
				BUNDLE_LOADER = "$(TEST_HOST)";
				INFOPLIST_FILE = FiveSecondsTests/Info.plist;
				LD_RUNPATH_SEARCH_PATHS = "$(inherited) @executable_path/Frameworks @loader_path/Frameworks";
				PRODUCT_BUNDLE_IDENTIFIER = com.hackery.FiveSecondsTests;
				PRODUCT_NAME = "$(TARGET_NAME)";
				TEST_HOST = "$(BUILT_PRODUCTS_DIR)/FiveSeconds.app/FiveSeconds";
			};
			name = Release;
		};
		F78042791DD2B796003DE994 /* Debug */ = {
			isa = XCBuildConfiguration;
			buildSettings = {
				INFOPLIST_FILE = FiveSecondsUITests/Info.plist;
				LD_RUNPATH_SEARCH_PATHS = "$(inherited) @executable_path/Frameworks @loader_path/Frameworks";
				PRODUCT_BUNDLE_IDENTIFIER = com.hackery.FiveSecondsUITests;
				PRODUCT_NAME = "$(TARGET_NAME)";
				TEST_TARGET_NAME = FiveSeconds;
			};
			name = Debug;
		};
		F780427A1DD2B796003DE994 /* Release */ = {
			isa = XCBuildConfiguration;
			buildSettings = {
				INFOPLIST_FILE = FiveSecondsUITests/Info.plist;
				LD_RUNPATH_SEARCH_PATHS = "$(inherited) @executable_path/Frameworks @loader_path/Frameworks";
				PRODUCT_BUNDLE_IDENTIFIER = com.hackery.FiveSecondsUITests;
				PRODUCT_NAME = "$(TARGET_NAME)";
				TEST_TARGET_NAME = FiveSeconds;
			};
			name = Release;
		};
/* End XCBuildConfiguration section */

/* Begin XCConfigurationList section */
		F78042401DD2B796003DE994 /* Build configuration list for PBXProject "FiveSeconds" */ = {
			isa = XCConfigurationList;
			buildConfigurations = (
				F78042701DD2B796003DE994 /* Debug */,
				F78042711DD2B796003DE994 /* Release */,
			);
			defaultConfigurationIsVisible = 0;
			defaultConfigurationName = Release;
		};
		F78042721DD2B796003DE994 /* Build configuration list for PBXNativeTarget "FiveSeconds" */ = {
			isa = XCConfigurationList;
			buildConfigurations = (
				F78042731DD2B796003DE994 /* Debug */,
				F78042741DD2B796003DE994 /* Release */,
			);
			defaultConfigurationIsVisible = 0;
			defaultConfigurationName = Release;
		};
		F78042751DD2B796003DE994 /* Build configuration list for PBXNativeTarget "FiveSecondsTests" */ = {
			isa = XCConfigurationList;
			buildConfigurations = (
				F78042761DD2B796003DE994 /* Debug */,
				F78042771DD2B796003DE994 /* Release */,
			);
			defaultConfigurationIsVisible = 0;
			defaultConfigurationName = Release;
		};
		F78042781DD2B796003DE994 /* Build configuration list for PBXNativeTarget "FiveSecondsUITests" */ = {
			isa = XCConfigurationList;
			buildConfigurations = (
				F78042791DD2B796003DE994 /* Debug */,
				F780427A1DD2B796003DE994 /* Release */,
			);
			defaultConfigurationIsVisible = 0;
			defaultConfigurationName = Release;
		};
/* End XCConfigurationList section */
	};
	rootObject = F780423D1DD2B796003DE994 /* Project object */;
}
